
Microsoft Visual Studio Solution File, Format Version 12.00
# Visual Studio Version 16
VisualStudioVersion = 16.0.31112.23
MinimumVisualStudioVersion = 10.0.40219.1
Project("{2150E333-8FDC-42A3-9474-1A3956D46DE8}") = "1 - Application", "1 - Application", "{A3AEEBB4-DB60-46BE-9E4E-00F2A2FD13F9}"
EndProject
Project("{2150E333-8FDC-42A3-9474-1A3956D46DE8}") = "2 - Domain", "2 - Domain", "{F921B348-44C0-40F3-ADC8-2896ABE81AAE}"
EndProject
Project("{2150E333-8FDC-42A3-9474-1A3956D46DE8}") = "3 - Service", "3 - Service", "{AB36D33F-43A1-49AB-99F2-90B52A853D7B}"
EndProject
Project("{2150E333-8FDC-42A3-9474-1A3956D46DE8}") = "4 - Infra", "4 - Infra", "{4A9B95B4-FC93-4E43-BEE2-8CBC313FCDAA}"
EndProject
Project("{9A19103F-16F7-4668-BE54-9A1E7A4F7556}") = "OrtizMed.Application", "OrtizMed.Application\OrtizMed.Application.csproj", "{2392CB5F-1D07-4184-8B56-7A8C489D7E34}"
EndProject
Project("{9A19103F-16F7-4668-BE54-9A1E7A4F7556}") = "OrtizMed.Domain", "OrtizMed.Domain\OrtizMed.Domain.csproj", "{EEB49E1E-84D4-43C5-833F-F8B3FAC514DE}"
EndProject
Project("{9A19103F-16F7-4668-BE54-9A1E7A4F7556}") = "OrtizMed.Service", "OrtizMed.Service\OrtizMed.Service.csproj", "{2A7FEB86-C114-427D-9779-14721F7C2B7E}"
EndProject
Project("{2150E333-8FDC-42A3-9474-1A3956D46DE8}") = "4.2 - Infra.CrossCutting.Exceptions", "4.2 - Infra.CrossCutting.Exceptions", "{DA170373-261B-438D-AC81-9368532D7412}"
EndProject
Project("{FAE04EC0-301F-11D3-BF4B-00C04F79EFBC}") = "OrtizMed.Infra.CrossCutting.Exceptions", "OrtizMed.Infra.CrossCutting.Exceptions\OrtizMed.Infra.CrossCutting.Exceptions.csproj", "{85018CB8-82F0-474A-8252-3E84969FCE63}"
EndProject
Project("{2150E333-8FDC-42A3-9474-1A3956D46DE8}") = "4.1 - Infra.Data.Query", "4.1 - Infra.Data.Query", "{5C53633D-2AF5-48A3-8AD9-EF14AB2AFEA7}"
EndProject
Project("{FAE04EC0-301F-11D3-BF4B-00C04F79EFBC}") = "OrtizMed.Infra.Data.Query", "OrtizMed.Infra.Data.Query\OrtizMed.Infra.Data.Query.csproj", "{26DB3BC8-128C-47C8-B439-C8EBB56A1AF4}"
EndProject
Global
	GlobalSection(SolutionConfigurationPlatforms) = preSolution
		Debug|Any CPU = Debug|Any CPU
		Release|Any CPU = Release|Any CPU
	EndGlobalSection
	GlobalSection(ProjectConfigurationPlatforms) = postSolution
		{2392CB5F-1D07-4184-8B56-7A8C489D7E34}.Debug|Any CPU.ActiveCfg = Debug|Any CPU
		{2392CB5F-1D07-4184-8B56-7A8C489D7E34}.Debug|Any CPU.Build.0 = Debug|Any CPU
		{2392CB5F-1D07-4184-8B56-7A8C489D7E34}.Release|Any CPU.ActiveCfg = Release|Any CPU
		{2392CB5F-1D07-4184-8B56-7A8C489D7E34}.Release|Any CPU.Build.0 = Release|Any CPU
		{EEB49E1E-84D4-43C5-833F-F8B3FAC514DE}.Debug|Any CPU.ActiveCfg = Debug|Any CPU
		{EEB49E1E-84D4-43C5-833F-F8B3FAC514DE}.Debug|Any CPU.Build.0 = Debug|Any CPU
		{EEB49E1E-84D4-43C5-833F-F8B3FAC514DE}.Release|Any CPU.ActiveCfg = Release|Any CPU
		{EEB49E1E-84D4-43C5-833F-F8B3FAC514DE}.Release|Any CPU.Build.0 = Release|Any CPU
		{2A7FEB86-C114-427D-9779-14721F7C2B7E}.Debug|Any CPU.ActiveCfg = Debug|Any CPU
		{2A7FEB86-C114-427D-9779-14721F7C2B7E}.Debug|Any CPU.Build.0 = Debug|Any CPU
		{2A7FEB86-C114-427D-9779-14721F7C2B7E}.Release|Any CPU.ActiveCfg = Release|Any CPU
		{2A7FEB86-C114-427D-9779-14721F7C2B7E}.Release|Any CPU.Build.0 = Release|Any CPU
		{85018CB8-82F0-474A-8252-3E84969FCE63}.Debug|Any CPU.ActiveCfg = Debug|Any CPU
		{85018CB8-82F0-474A-8252-3E84969FCE63}.Debug|Any CPU.Build.0 = Debug|Any CPU
		{85018CB8-82F0-474A-8252-3E84969FCE63}.Release|Any CPU.ActiveCfg = Release|Any CPU
		{85018CB8-82F0-474A-8252-3E84969FCE63}.Release|Any CPU.Build.0 = Release|Any CPU
		{26DB3BC8-128C-47C8-B439-C8EBB56A1AF4}.Debug|Any CPU.ActiveCfg = Debug|Any CPU
		{26DB3BC8-128C-47C8-B439-C8EBB56A1AF4}.Debug|Any CPU.Build.0 = Debug|Any CPU
		{26DB3BC8-128C-47C8-B439-C8EBB56A1AF4}.Release|Any CPU.ActiveCfg = Release|Any CPU
		{26DB3BC8-128C-47C8-B439-C8EBB56A1AF4}.Release|Any CPU.Build.0 = Release|Any CPU
	EndGlobalSection
	GlobalSection(SolutionProperties) = preSolution
		HideSolutionNode = FALSE
	EndGlobalSection
	GlobalSection(NestedProjects) = preSolution
		{2392CB5F-1D07-4184-8B56-7A8C489D7E34} = {A3AEEBB4-DB60-46BE-9E4E-00F2A2FD13F9}
		{EEB49E1E-84D4-43C5-833F-F8B3FAC514DE} = {F921B348-44C0-40F3-ADC8-2896ABE81AAE}
		{2A7FEB86-C114-427D-9779-14721F7C2B7E} = {AB36D33F-43A1-49AB-99F2-90B52A853D7B}
		{DA170373-261B-438D-AC81-9368532D7412} = {4A9B95B4-FC93-4E43-BEE2-8CBC313FCDAA}
		{85018CB8-82F0-474A-8252-3E84969FCE63} = {DA170373-261B-438D-AC81-9368532D7412}
		{5C53633D-2AF5-48A3-8AD9-EF14AB2AFEA7} = {4A9B95B4-FC93-4E43-BEE2-8CBC313FCDAA}
		{26DB3BC8-128C-47C8-B439-C8EBB56A1AF4} = {5C53633D-2AF5-48A3-8AD9-EF14AB2AFEA7}
	EndGlobalSection
	GlobalSection(ExtensibilityGlobals) = postSolution
		SolutionGuid = {F172C446-BAC6-41A7-BBFA-D11058F9A86C}
	EndGlobalSection
EndGlobal
