
Microsoft Visual Studio Solution File, Format Version 12.00
# Visual Studio Version 16
VisualStudioVersion = 16.0.31112.23
MinimumVisualStudioVersion = 10.0.40219.1
Project("{2150E333-8FDC-42A3-9474-1A3956D46DE8}") = "1 - Application", "1 - Application", "{A3AEEBB4-DB60-46BE-9E4E-00F2A2FD13F9}"
EndProject
Project("{2150E333-8FDC-42A3-9474-1A3956D46DE8}") = "2 - Domain", "2 - Domain", "{F921B348-44C0-40F3-ADC8-2896ABE81AAE}"
EndProject
Project("{2150E333-8FDC-42A3-9474-1A3956D46DE8}") = "3 - Service", "3 - Service", "{AB36D33F-43A1-49AB-99F2-90B52A853D7B}"
EndProject
Project("{2150E333-8FDC-42A3-9474-1A3956D46DE8}") = "4 - Infra", "4 - Infra", "{4A9B95B4-FC93-4E43-BEE2-8CBC313FCDAA}"
EndProject
Project("{FAE04EC0-301F-11D3-BF4B-00C04F79EFBC}") = "OrtizMed.Application", "OrtizMed.Application\OrtizMed.Application.csproj", "{2392CB5F-1D07-4184-8B56-7A8C489D7E34}"
EndProject
Project("{FAE04EC0-301F-11D3-BF4B-00C04F79EFBC}") = "OrtizMed.Domain", "OrtizMed.Domain\OrtizMed.Domain.csproj", "{EEB49E1E-84D4-43C5-833F-F8B3FAC514DE}"
EndProject
Project("{2150E333-8FDC-42A3-9474-1A3956D46DE8}") = "Commands", "Commands", "{5D536E3F-88A0-47CC-BA38-5C8CCF3EF912}"
EndProject
Project("{2150E333-8FDC-42A3-9474-1A3956D46DE8}") = "Paciente", "Paciente", "{359460AC-780E-4804-B10B-A86B0DB39985}"
EndProject
Project("{2150E333-8FDC-42A3-9474-1A3956D46DE8}") = "Medico", "Medico", "{31855EE3-8233-44F1-8BF3-40CB9F117695}"
EndProject
Project("{2150E333-8FDC-42A3-9474-1A3956D46DE8}") = "Add", "Add", "{C85C7390-8E9B-46DB-8B04-ACC705DAFD8B}"
EndProject
Project("{2150E333-8FDC-42A3-9474-1A3956D46DE8}") = "Alterar", "Alterar", "{2A753F1D-0910-4A05-B625-C96BF1F8FDCA}"
EndProject
Project("{2150E333-8FDC-42A3-9474-1A3956D46DE8}") = "Add", "Add", "{C8212496-494B-4D9F-81E6-7F68250F5C15}"
EndProject
Project("{2150E333-8FDC-42A3-9474-1A3956D46DE8}") = "Alterar", "Alterar", "{8872FEB3-3CF8-48A0-BAF7-B0DE74ADE024}"
EndProject
Project("{FAE04EC0-301F-11D3-BF4B-00C04F79EFBC}") = "OrtizMed.Service", "OrtizMed.Service\OrtizMed.Service.csproj", "{2A7FEB86-C114-427D-9779-14721F7C2B7E}"
EndProject
Project("{2150E333-8FDC-42A3-9474-1A3956D46DE8}") = "4.2 - CrossCutting", "4.2 - CrossCutting", "{1C85215A-775C-48C2-A605-A2B75AC84332}"
EndProject
Project("{2150E333-8FDC-42A3-9474-1A3956D46DE8}") = "4.1 - Data.Query", "4.1 - Data.Query", "{9E178809-4E2E-4581-B695-0AA7D7A8C95C}"
EndProject
Project("{FAE04EC0-301F-11D3-BF4B-00C04F79EFBC}") = "OrtizMed.Infra.Data.Query", "OrtizMed.Infra.Data.Query\OrtizMed.Infra.Data.Query.csproj", "{7B3AB3CC-0403-4A66-99A2-9B27D0B8A156}"
EndProject
Project("{FAE04EC0-301F-11D3-BF4B-00C04F79EFBC}") = "OrtizMed.Infra.CrossCutting", "OrtizMed.Infra.CrossCutting\OrtizMed.Infra.CrossCutting.csproj", "{EBAF2618-A7A1-4215-8CD0-C73962BC23EA}"
EndProject
Global
	GlobalSection(SolutionConfigurationPlatforms) = preSolution
		Debug|Any CPU = Debug|Any CPU
		Release|Any CPU = Release|Any CPU
	EndGlobalSection
	GlobalSection(ProjectConfigurationPlatforms) = postSolution
		{2392CB5F-1D07-4184-8B56-7A8C489D7E34}.Debug|Any CPU.ActiveCfg = Debug|Any CPU
		{2392CB5F-1D07-4184-8B56-7A8C489D7E34}.Debug|Any CPU.Build.0 = Debug|Any CPU
		{2392CB5F-1D07-4184-8B56-7A8C489D7E34}.Release|Any CPU.ActiveCfg = Release|Any CPU
		{2392CB5F-1D07-4184-8B56-7A8C489D7E34}.Release|Any CPU.Build.0 = Release|Any CPU
		{EEB49E1E-84D4-43C5-833F-F8B3FAC514DE}.Debug|Any CPU.ActiveCfg = Debug|Any CPU
		{EEB49E1E-84D4-43C5-833F-F8B3FAC514DE}.Debug|Any CPU.Build.0 = Debug|Any CPU
		{EEB49E1E-84D4-43C5-833F-F8B3FAC514DE}.Release|Any CPU.ActiveCfg = Release|Any CPU
		{EEB49E1E-84D4-43C5-833F-F8B3FAC514DE}.Release|Any CPU.Build.0 = Release|Any CPU
		{2A7FEB86-C114-427D-9779-14721F7C2B7E}.Debug|Any CPU.ActiveCfg = Debug|Any CPU
		{2A7FEB86-C114-427D-9779-14721F7C2B7E}.Debug|Any CPU.Build.0 = Debug|Any CPU
		{2A7FEB86-C114-427D-9779-14721F7C2B7E}.Release|Any CPU.ActiveCfg = Release|Any CPU
		{2A7FEB86-C114-427D-9779-14721F7C2B7E}.Release|Any CPU.Build.0 = Release|Any CPU
		{7B3AB3CC-0403-4A66-99A2-9B27D0B8A156}.Debug|Any CPU.ActiveCfg = Debug|Any CPU
		{7B3AB3CC-0403-4A66-99A2-9B27D0B8A156}.Debug|Any CPU.Build.0 = Debug|Any CPU
		{7B3AB3CC-0403-4A66-99A2-9B27D0B8A156}.Release|Any CPU.ActiveCfg = Release|Any CPU
		{7B3AB3CC-0403-4A66-99A2-9B27D0B8A156}.Release|Any CPU.Build.0 = Release|Any CPU
		{EBAF2618-A7A1-4215-8CD0-C73962BC23EA}.Debug|Any CPU.ActiveCfg = Debug|Any CPU
		{EBAF2618-A7A1-4215-8CD0-C73962BC23EA}.Debug|Any CPU.Build.0 = Debug|Any CPU
		{EBAF2618-A7A1-4215-8CD0-C73962BC23EA}.Release|Any CPU.ActiveCfg = Release|Any CPU
		{EBAF2618-A7A1-4215-8CD0-C73962BC23EA}.Release|Any CPU.Build.0 = Release|Any CPU
	EndGlobalSection
	GlobalSection(SolutionProperties) = preSolution
		HideSolutionNode = FALSE
	EndGlobalSection
	GlobalSection(NestedProjects) = preSolution
		{2392CB5F-1D07-4184-8B56-7A8C489D7E34} = {A3AEEBB4-DB60-46BE-9E4E-00F2A2FD13F9}
		{EEB49E1E-84D4-43C5-833F-F8B3FAC514DE} = {F921B348-44C0-40F3-ADC8-2896ABE81AAE}
		{5D536E3F-88A0-47CC-BA38-5C8CCF3EF912} = {F921B348-44C0-40F3-ADC8-2896ABE81AAE}
		{359460AC-780E-4804-B10B-A86B0DB39985} = {5D536E3F-88A0-47CC-BA38-5C8CCF3EF912}
		{31855EE3-8233-44F1-8BF3-40CB9F117695} = {5D536E3F-88A0-47CC-BA38-5C8CCF3EF912}
		{C85C7390-8E9B-46DB-8B04-ACC705DAFD8B} = {359460AC-780E-4804-B10B-A86B0DB39985}
		{2A753F1D-0910-4A05-B625-C96BF1F8FDCA} = {359460AC-780E-4804-B10B-A86B0DB39985}
		{C8212496-494B-4D9F-81E6-7F68250F5C15} = {31855EE3-8233-44F1-8BF3-40CB9F117695}
		{8872FEB3-3CF8-48A0-BAF7-B0DE74ADE024} = {31855EE3-8233-44F1-8BF3-40CB9F117695}
		{2A7FEB86-C114-427D-9779-14721F7C2B7E} = {AB36D33F-43A1-49AB-99F2-90B52A853D7B}
		{1C85215A-775C-48C2-A605-A2B75AC84332} = {4A9B95B4-FC93-4E43-BEE2-8CBC313FCDAA}
		{9E178809-4E2E-4581-B695-0AA7D7A8C95C} = {4A9B95B4-FC93-4E43-BEE2-8CBC313FCDAA}
		{7B3AB3CC-0403-4A66-99A2-9B27D0B8A156} = {9E178809-4E2E-4581-B695-0AA7D7A8C95C}
		{EBAF2618-A7A1-4215-8CD0-C73962BC23EA} = {1C85215A-775C-48C2-A605-A2B75AC84332}
	EndGlobalSection
	GlobalSection(ExtensibilityGlobals) = postSolution
		SolutionGuid = {F172C446-BAC6-41A7-BBFA-D11058F9A86C}
	EndGlobalSection
EndGlobal
